// !$*UTF8*$!
{
	archiveVersion = 1;
	classes = {
	};
	objectVersion = 56;
	objects = {

/* Begin PBXBuildFile section */
		6C3BA6DA2A2FCA9B00CB8422 /* AppDelegate.swift in Sources */ = {isa = PBXBuildFile; fileRef = 6C3BA6D92A2FCA9B00CB8422 /* AppDelegate.swift */; };
		6C3BA6DC2A2FCA9B00CB8422 /* SceneDelegate.swift in Sources */ = {isa = PBXBuildFile; fileRef = 6C3BA6DB2A2FCA9B00CB8422 /* SceneDelegate.swift */; };
		6C3BA6DE2A2FCA9B00CB8422 /* CriptomonedasViewController.swift in Sources */ = {isa = PBXBuildFile; fileRef = 6C3BA6DD2A2FCA9B00CB8422 /* CriptomonedasViewController.swift */; };
		6C3BA6E12A2FCA9B00CB8422 /* Main.storyboard in Resources */ = {isa = PBXBuildFile; fileRef = 6C3BA6DF2A2FCA9B00CB8422 /* Main.storyboard */; };
		6C3BA6E32A2FCA9C00CB8422 /* Assets.xcassets in Resources */ = {isa = PBXBuildFile; fileRef = 6C3BA6E22A2FCA9C00CB8422 /* Assets.xcassets */; };
		6C3BA6E62A2FCA9C00CB8422 /* LaunchScreen.storyboard in Resources */ = {isa = PBXBuildFile; fileRef = 6C3BA6E42A2FCA9C00CB8422 /* LaunchScreen.storyboard */; };
		6C3BA6EF2A2FCB8E00CB8422 /* CriptoViewModel.swift in Sources */ = {isa = PBXBuildFile; fileRef = 6C3BA6EE2A2FCB8E00CB8422 /* CriptoViewModel.swift */; };
		6C3BA6F22A2FCBC700CB8422 /* Criptomoneda.swift in Sources */ = {isa = PBXBuildFile; fileRef = 6C3BA6F12A2FCBC700CB8422 /* Criptomoneda.swift */; };
		6C3BA6F42A2FCC2000CB8422 /* CriptomonedaModel.swift in Sources */ = {isa = PBXBuildFile; fileRef = 6C3BA6F32A2FCC2000CB8422 /* CriptomonedaModel.swift */; };
		6C3BA6F72A2FCCDC00CB8422 /* Webservice.swift in Sources */ = {isa = PBXBuildFile; fileRef = 6C3BA6F62A2FCCDC00CB8422 /* Webservice.swift */; };
		6C42E4152A2FF1BA00AC7E50 /* CriptoCell.swift in Sources */ = {isa = PBXBuildFile; fileRef = 6C42E4132A2FF1BA00AC7E50 /* CriptoCell.swift */; };
		6C42E4162A2FF1BA00AC7E50 /* CriptoCell.xib in Resources */ = {isa = PBXBuildFile; fileRef = 6C42E4142A2FF1BA00AC7E50 /* CriptoCell.xib */; };
		6C42E4182A2FFC3E00AC7E50 /* CriptoDetalleViewController.swift in Sources */ = {isa = PBXBuildFile; fileRef = 6C42E4172A2FFC3E00AC7E50 /* CriptoDetalleViewController.swift */; };
		6C42E41A2A30BE9200AC7E50 /* DetalleMonedaViewModel.swift in Sources */ = {isa = PBXBuildFile; fileRef = 6C42E4192A30BE9200AC7E50 /* DetalleMonedaViewModel.swift */; };
		6C42E4202A30C9F900AC7E50 /* RealmSwift in Frameworks */ = {isa = PBXBuildFile; productRef = 6C42E41F2A30C9F900AC7E50 /* RealmSwift */; };
		6C42E4222A30CABA00AC7E50 /* CriptomonedaRealm.swift in Sources */ = {isa = PBXBuildFile; fileRef = 6C42E4212A30CABA00AC7E50 /* CriptomonedaRealm.swift */; };
		6C42E4312A30E48E00AC7E50 /* CriptoViewModelTests.swift in Sources */ = {isa = PBXBuildFile; fileRef = 6C42E4302A30E48E00AC7E50 /* CriptoViewModelTests.swift */; };
		6C42E43A2A30E8E400AC7E50 /* RealmSwift in Frameworks */ = {isa = PBXBuildFile; productRef = 6C42E4392A30E8E400AC7E50 /* RealmSwift */; };
		6C42E43C2A30E8E800AC7E50 /* Realm in Frameworks */ = {isa = PBXBuildFile; productRef = 6C42E43B2A30E8E800AC7E50 /* Realm */; };
		6C42E43E2A30F57400AC7E50 /* MyViewModel.swift in Sources */ = {isa = PBXBuildFile; fileRef = 6C42E43D2A30F57400AC7E50 /* MyViewModel.swift */; };
		6C42E4422A30FD8400AC7E50 /* WebserviceTests.swift in Sources */ = {isa = PBXBuildFile; fileRef = 6C42E4412A30FD8400AC7E50 /* WebserviceTests.swift */; };
		6C4398042A3106760016E757 /* Response.json in Resources */ = {isa = PBXBuildFile; fileRef = 6C4398032A3106760016E757 /* Response.json */; };
		6C4398062A31084F0016E757 /* Response.json in Resources */ = {isa = PBXBuildFile; fileRef = 6C4398052A31084F0016E757 /* Response.json */; };
/* End PBXBuildFile section */

/* Begin PBXContainerItemProxy section */
		6C42E42B2A30E45200AC7E50 /* PBXContainerItemProxy */ = {
			isa = PBXContainerItemProxy;
			containerPortal = 6C3BA6CE2A2FCA9B00CB8422 /* Project object */;
			proxyType = 1;
			remoteGlobalIDString = 6C3BA6D52A2FCA9B00CB8422;
			remoteInfo = CriptoAppMVVM;
		};
/* End PBXContainerItemProxy section */

/* Begin PBXFileReference section */
		6C3BA6D62A2FCA9B00CB8422 /* CriptoAppMVVM.app */ = {isa = PBXFileReference; explicitFileType = wrapper.application; includeInIndex = 0; path = CriptoAppMVVM.app; sourceTree = BUILT_PRODUCTS_DIR; };
		6C3BA6D92A2FCA9B00CB8422 /* AppDelegate.swift */ = {isa = PBXFileReference; lastKnownFileType = sourcecode.swift; path = AppDelegate.swift; sourceTree = "<group>"; };
		6C3BA6DB2A2FCA9B00CB8422 /* SceneDelegate.swift */ = {isa = PBXFileReference; lastKnownFileType = sourcecode.swift; path = SceneDelegate.swift; sourceTree = "<group>"; };
		6C3BA6DD2A2FCA9B00CB8422 /* CriptomonedasViewController.swift */ = {isa = PBXFileReference; lastKnownFileType = sourcecode.swift; path = CriptomonedasViewController.swift; sourceTree = "<group>"; };
		6C3BA6E02A2FCA9B00CB8422 /* Base */ = {isa = PBXFileReference; lastKnownFileType = file.storyboard; name = Base; path = Base.lproj/Main.storyboard; sourceTree = "<group>"; };
		6C3BA6E22A2FCA9C00CB8422 /* Assets.xcassets */ = {isa = PBXFileReference; lastKnownFileType = folder.assetcatalog; path = Assets.xcassets; sourceTree = "<group>"; };
		6C3BA6E52A2FCA9C00CB8422 /* Base */ = {isa = PBXFileReference; lastKnownFileType = file.storyboard; name = Base; path = Base.lproj/LaunchScreen.storyboard; sourceTree = "<group>"; };
		6C3BA6E72A2FCA9C00CB8422 /* Info.plist */ = {isa = PBXFileReference; lastKnownFileType = text.plist.xml; path = Info.plist; sourceTree = "<group>"; };
		6C3BA6EE2A2FCB8E00CB8422 /* CriptoViewModel.swift */ = {isa = PBXFileReference; lastKnownFileType = sourcecode.swift; path = CriptoViewModel.swift; sourceTree = "<group>"; };
		6C3BA6F12A2FCBC700CB8422 /* Criptomoneda.swift */ = {isa = PBXFileReference; lastKnownFileType = sourcecode.swift; path = Criptomoneda.swift; sourceTree = "<group>"; };
		6C3BA6F32A2FCC2000CB8422 /* CriptomonedaModel.swift */ = {isa = PBXFileReference; lastKnownFileType = sourcecode.swift; path = CriptomonedaModel.swift; sourceTree = "<group>"; };
		6C3BA6F62A2FCCDC00CB8422 /* Webservice.swift */ = {isa = PBXFileReference; lastKnownFileType = sourcecode.swift; path = Webservice.swift; sourceTree = "<group>"; };
		6C42E4132A2FF1BA00AC7E50 /* CriptoCell.swift */ = {isa = PBXFileReference; lastKnownFileType = sourcecode.swift; path = CriptoCell.swift; sourceTree = "<group>"; };
		6C42E4142A2FF1BA00AC7E50 /* CriptoCell.xib */ = {isa = PBXFileReference; lastKnownFileType = file.xib; path = CriptoCell.xib; sourceTree = "<group>"; };
		6C42E4172A2FFC3E00AC7E50 /* CriptoDetalleViewController.swift */ = {isa = PBXFileReference; lastKnownFileType = sourcecode.swift; path = CriptoDetalleViewController.swift; sourceTree = "<group>"; };
		6C42E4192A30BE9200AC7E50 /* DetalleMonedaViewModel.swift */ = {isa = PBXFileReference; lastKnownFileType = sourcecode.swift; path = DetalleMonedaViewModel.swift; sourceTree = "<group>"; };
		6C42E4212A30CABA00AC7E50 /* CriptomonedaRealm.swift */ = {isa = PBXFileReference; lastKnownFileType = sourcecode.swift; path = CriptomonedaRealm.swift; sourceTree = "<group>"; };
		6C42E4272A30E45200AC7E50 /* CriptoAppMVVMTests.xctest */ = {isa = PBXFileReference; explicitFileType = wrapper.cfbundle; includeInIndex = 0; path = CriptoAppMVVMTests.xctest; sourceTree = BUILT_PRODUCTS_DIR; };
		6C42E4302A30E48E00AC7E50 /* CriptoViewModelTests.swift */ = {isa = PBXFileReference; lastKnownFileType = sourcecode.swift; path = CriptoViewModelTests.swift; sourceTree = "<group>"; };
		6C42E43D2A30F57400AC7E50 /* MyViewModel.swift */ = {isa = PBXFileReference; lastKnownFileType = sourcecode.swift; path = MyViewModel.swift; sourceTree = "<group>"; };
		6C42E4412A30FD8400AC7E50 /* WebserviceTests.swift */ = {isa = PBXFileReference; lastKnownFileType = sourcecode.swift; path = WebserviceTests.swift; sourceTree = "<group>"; };
		6C4398032A3106760016E757 /* Response.json */ = {isa = PBXFileReference; lastKnownFileType = text.json; path = Response.json; sourceTree = "<group>"; };
		6C4398052A31084F0016E757 /* Response.json */ = {isa = PBXFileReference; fileEncoding = 4; lastKnownFileType = text.json; name = Response.json; path = CriptoAppMVVM/Response.json; sourceTree = SOURCE_ROOT; };
/* End PBXFileReference section */

/* Begin PBXFrameworksBuildPhase section */
		6C3BA6D32A2FCA9B00CB8422 /* Frameworks */ = {
			isa = PBXFrameworksBuildPhase;
			buildActionMask = 2147483647;
			files = (
				6C42E4202A30C9F900AC7E50 /* RealmSwift in Frameworks */,
			);
			runOnlyForDeploymentPostprocessing = 0;
		};
		6C42E4242A30E45200AC7E50 /* Frameworks */ = {
			isa = PBXFrameworksBuildPhase;
			buildActionMask = 2147483647;
			files = (
				6C42E43C2A30E8E800AC7E50 /* Realm in Frameworks */,
				6C42E43A2A30E8E400AC7E50 /* RealmSwift in Frameworks */,
			);
			runOnlyForDeploymentPostprocessing = 0;
		};
/* End PBXFrameworksBuildPhase section */

/* Begin PBXGroup section */
		6C3BA6CD2A2FCA9B00CB8422 = {
			isa = PBXGroup;
			children = (
				6C3BA6D82A2FCA9B00CB8422 /* CriptoAppMVVM */,
				6C42E4282A30E45200AC7E50 /* CriptoAppMVVMTests */,
				6C3BA6D72A2FCA9B00CB8422 /* Products */,
				6C42E4382A30E8E400AC7E50 /* Frameworks */,
			);
			sourceTree = "<group>";
		};
		6C3BA6D72A2FCA9B00CB8422 /* Products */ = {
			isa = PBXGroup;
			children = (
				6C3BA6D62A2FCA9B00CB8422 /* CriptoAppMVVM.app */,
				6C42E4272A30E45200AC7E50 /* CriptoAppMVVMTests.xctest */,
			);
			name = Products;
			sourceTree = "<group>";
		};
		6C3BA6D82A2FCA9B00CB8422 /* CriptoAppMVVM */ = {
			isa = PBXGroup;
			children = (
				6C4398032A3106760016E757 /* Response.json */,
				6C3BA6D92A2FCA9B00CB8422 /* AppDelegate.swift */,
				6C3BA6DB2A2FCA9B00CB8422 /* SceneDelegate.swift */,
				6C3BA6F52A2FCCD300CB8422 /* Network */,
				6C3BA6F02A2FCBBE00CB8422 /* Model */,
				6C3BA6ED2A2FCB8000CB8422 /* ViewModel */,
				6C42E4122A2FF1A600AC7E50 /* Vista */,
				6C3BA6E22A2FCA9C00CB8422 /* Assets.xcassets */,
				6C3BA6E42A2FCA9C00CB8422 /* LaunchScreen.storyboard */,
				6C3BA6E72A2FCA9C00CB8422 /* Info.plist */,
			);
			path = CriptoAppMVVM;
			sourceTree = "<group>";
		};
		6C3BA6ED2A2FCB8000CB8422 /* ViewModel */ = {
			isa = PBXGroup;
			children = (
				6C3BA6EE2A2FCB8E00CB8422 /* CriptoViewModel.swift */,
				6C42E4192A30BE9200AC7E50 /* DetalleMonedaViewModel.swift */,
				6C42E43D2A30F57400AC7E50 /* MyViewModel.swift */,
			);
			path = ViewModel;
			sourceTree = "<group>";
		};
		6C3BA6F02A2FCBBE00CB8422 /* Model */ = {
			isa = PBXGroup;
			children = (
				6C3BA6F12A2FCBC700CB8422 /* Criptomoneda.swift */,
				6C3BA6F32A2FCC2000CB8422 /* CriptomonedaModel.swift */,
				6C42E4212A30CABA00AC7E50 /* CriptomonedaRealm.swift */,
			);
			path = Model;
			sourceTree = "<group>";
		};
		6C3BA6F52A2FCCD300CB8422 /* Network */ = {
			isa = PBXGroup;
			children = (
				6C3BA6F62A2FCCDC00CB8422 /* Webservice.swift */,
			);
			path = Network;
			sourceTree = "<group>";
		};
		6C42E4122A2FF1A600AC7E50 /* Vista */ = {
			isa = PBXGroup;
			children = (
				6C3BA6DD2A2FCA9B00CB8422 /* CriptomonedasViewController.swift */,
				6C42E4172A2FFC3E00AC7E50 /* CriptoDetalleViewController.swift */,
				6C3BA6DF2A2FCA9B00CB8422 /* Main.storyboard */,
				6C42E4132A2FF1BA00AC7E50 /* CriptoCell.swift */,
				6C42E4142A2FF1BA00AC7E50 /* CriptoCell.xib */,
			);
			path = Vista;
			sourceTree = "<group>";
		};
		6C42E4282A30E45200AC7E50 /* CriptoAppMVVMTests */ = {
			isa = PBXGroup;
			children = (
				6C4398052A31084F0016E757 /* Response.json */,
				6C42E4302A30E48E00AC7E50 /* CriptoViewModelTests.swift */,
				6C42E4412A30FD8400AC7E50 /* WebserviceTests.swift */,
			);
			path = CriptoAppMVVMTests;
			sourceTree = "<group>";
		};
		6C42E4382A30E8E400AC7E50 /* Frameworks */ = {
			isa = PBXGroup;
			children = (
			);
			name = Frameworks;
			sourceTree = "<group>";
		};
/* End PBXGroup section */

/* Begin PBXNativeTarget section */
		6C3BA6D52A2FCA9B00CB8422 /* CriptoAppMVVM */ = {
			isa = PBXNativeTarget;
			buildConfigurationList = 6C3BA6EA2A2FCA9C00CB8422 /* Build configuration list for PBXNativeTarget "CriptoAppMVVM" */;
			buildPhases = (
				6C3BA6D22A2FCA9B00CB8422 /* Sources */,
				6C3BA6D32A2FCA9B00CB8422 /* Frameworks */,
				6C3BA6D42A2FCA9B00CB8422 /* Resources */,
			);
			buildRules = (
			);
			dependencies = (
				6C42E4332A30E86000AC7E50 /* PBXTargetDependency */,
			);
			name = CriptoAppMVVM;
			packageProductDependencies = (
				6C42E41F2A30C9F900AC7E50 /* RealmSwift */,
			);
			productName = CriptoAppMVVM;
			productReference = 6C3BA6D62A2FCA9B00CB8422 /* CriptoAppMVVM.app */;
			productType = "com.apple.product-type.application";
		};
		6C42E4262A30E45200AC7E50 /* CriptoAppMVVMTests */ = {
			isa = PBXNativeTarget;
			buildConfigurationList = 6C42E42D2A30E45200AC7E50 /* Build configuration list for PBXNativeTarget "CriptoAppMVVMTests" */;
			buildPhases = (
				6C42E4232A30E45200AC7E50 /* Sources */,
				6C42E4242A30E45200AC7E50 /* Frameworks */,
				6C42E4252A30E45200AC7E50 /* Resources */,
			);
			buildRules = (
			);
			dependencies = (
				6C42E4372A30E89000AC7E50 /* PBXTargetDependency */,
				6C42E42C2A30E45200AC7E50 /* PBXTargetDependency */,
				6C42E4352A30E86800AC7E50 /* PBXTargetDependency */,
			);
			name = CriptoAppMVVMTests;
			packageProductDependencies = (
				6C42E4392A30E8E400AC7E50 /* RealmSwift */,
				6C42E43B2A30E8E800AC7E50 /* Realm */,
			);
			productName = CriptoAppMVVMTests;
			productReference = 6C42E4272A30E45200AC7E50 /* CriptoAppMVVMTests.xctest */;
			productType = "com.apple.product-type.bundle.unit-test";
		};
/* End PBXNativeTarget section */

/* Begin PBXProject section */
		6C3BA6CE2A2FCA9B00CB8422 /* Project object */ = {
			isa = PBXProject;
			attributes = {
				BuildIndependentTargetsInParallel = 1;
				LastSwiftUpdateCheck = 1430;
				LastUpgradeCheck = 1430;
				TargetAttributes = {
					6C3BA6D52A2FCA9B00CB8422 = {
						CreatedOnToolsVersion = 14.3.1;
					};
					6C42E4262A30E45200AC7E50 = {
						CreatedOnToolsVersion = 14.3.1;
						TestTargetID = 6C3BA6D52A2FCA9B00CB8422;
					};
				};
			};
			buildConfigurationList = 6C3BA6D12A2FCA9B00CB8422 /* Build configuration list for PBXProject "CriptoAppMVVM" */;
			compatibilityVersion = "Xcode 14.0";
			developmentRegion = en;
			hasScannedForEncodings = 0;
			knownRegions = (
				en,
				Base,
			);
			mainGroup = 6C3BA6CD2A2FCA9B00CB8422;
			packageReferences = (
				6C42E41E2A30C9F900AC7E50 /* XCRemoteSwiftPackageReference "realm-swift" */,
			);
			productRefGroup = 6C3BA6D72A2FCA9B00CB8422 /* Products */;
			projectDirPath = "";
			projectRoot = "";
			targets = (
				6C3BA6D52A2FCA9B00CB8422 /* CriptoAppMVVM */,
				6C42E4262A30E45200AC7E50 /* CriptoAppMVVMTests */,
			);
		};
/* End PBXProject section */

/* Begin PBXResourcesBuildPhase section */
		6C3BA6D42A2FCA9B00CB8422 /* Resources */ = {
			isa = PBXResourcesBuildPhase;
			buildActionMask = 2147483647;
			files = (
				6C42E4162A2FF1BA00AC7E50 /* CriptoCell.xib in Resources */,
				6C3BA6E62A2FCA9C00CB8422 /* LaunchScreen.storyboard in Resources */,
				6C3BA6E32A2FCA9C00CB8422 /* Assets.xcassets in Resources */,
				6C3BA6E12A2FCA9B00CB8422 /* Main.storyboard in Resources */,
			);
			runOnlyForDeploymentPostprocessing = 0;
		};
		6C42E4252A30E45200AC7E50 /* Resources */ = {
			isa = PBXResourcesBuildPhase;
			buildActionMask = 2147483647;
			files = (
				6C4398062A31084F0016E757 /* Response.json in Resources */,
				6C4398042A3106760016E757 /* Response.json in Resources */,
			);
			runOnlyForDeploymentPostprocessing = 0;
		};
/* End PBXResourcesBuildPhase section */

/* Begin PBXSourcesBuildPhase section */
		6C3BA6D22A2FCA9B00CB8422 /* Sources */ = {
			isa = PBXSourcesBuildPhase;
			buildActionMask = 2147483647;
			files = (
				6C42E4222A30CABA00AC7E50 /* CriptomonedaRealm.swift in Sources */,
				6C3BA6DE2A2FCA9B00CB8422 /* CriptomonedasViewController.swift in Sources */,
				6C42E43E2A30F57400AC7E50 /* MyViewModel.swift in Sources */,
				6C3BA6F72A2FCCDC00CB8422 /* Webservice.swift in Sources */,
				6C3BA6EF2A2FCB8E00CB8422 /* CriptoViewModel.swift in Sources */,
				6C3BA6F42A2FCC2000CB8422 /* CriptomonedaModel.swift in Sources */,
				6C42E4152A2FF1BA00AC7E50 /* CriptoCell.swift in Sources */,
				6C42E4182A2FFC3E00AC7E50 /* CriptoDetalleViewController.swift in Sources */,
				6C42E41A2A30BE9200AC7E50 /* DetalleMonedaViewModel.swift in Sources */,
				6C3BA6DA2A2FCA9B00CB8422 /* AppDelegate.swift in Sources */,
				6C3BA6F22A2FCBC700CB8422 /* Criptomoneda.swift in Sources */,
				6C3BA6DC2A2FCA9B00CB8422 /* SceneDelegate.swift in Sources */,
			);
			runOnlyForDeploymentPostprocessing = 0;
		};
		6C42E4232A30E45200AC7E50 /* Sources */ = {
			isa = PBXSourcesBuildPhase;
			buildActionMask = 2147483647;
			files = (
				6C42E4312A30E48E00AC7E50 /* CriptoViewModelTests.swift in Sources */,
				6C42E4422A30FD8400AC7E50 /* WebserviceTests.swift in Sources */,
			);
			runOnlyForDeploymentPostprocessing = 0;
		};
/* End PBXSourcesBuildPhase section */

/* Begin PBXTargetDependency section */
		6C42E42C2A30E45200AC7E50 /* PBXTargetDependency */ = {
			isa = PBXTargetDependency;
			target = 6C3BA6D52A2FCA9B00CB8422 /* CriptoAppMVVM */;
			targetProxy = 6C42E42B2A30E45200AC7E50 /* PBXContainerItemProxy */;
		};
		6C42E4332A30E86000AC7E50 /* PBXTargetDependency */ = {
			isa = PBXTargetDependency;
			productRef = 6C42E4322A30E86000AC7E50 /* RealmSwift */;
		};
		6C42E4352A30E86800AC7E50 /* PBXTargetDependency */ = {
			isa = PBXTargetDependency;
			productRef = 6C42E4342A30E86800AC7E50 /* RealmSwift */;
		};
		6C42E4372A30E89000AC7E50 /* PBXTargetDependency */ = {
			isa = PBXTargetDependency;
			productRef = 6C42E4362A30E89000AC7E50 /* Realm */;
		};
/* End PBXTargetDependency section */

/* Begin PBXVariantGroup section */
		6C3BA6DF2A2FCA9B00CB8422 /* Main.storyboard */ = {
			isa = PBXVariantGroup;
			children = (
				6C3BA6E02A2FCA9B00CB8422 /* Base */,
			);
			name = Main.storyboard;
			sourceTree = "<group>";
		};
		6C3BA6E42A2FCA9C00CB8422 /* LaunchScreen.storyboard */ = {
			isa = PBXVariantGroup;
			children = (
				6C3BA6E52A2FCA9C00CB8422 /* Base */,
			);
			name = LaunchScreen.storyboard;
			sourceTree = "<group>";
		};
/* End PBXVariantGroup section */

/* Begin XCBuildConfiguration section */
		6C3BA6E82A2FCA9C00CB8422 /* Debug */ = {
			isa = XCBuildConfiguration;
			buildSettings = {
				ALWAYS_SEARCH_USER_PATHS = NO;
				CLANG_ANALYZER_NONNULL = YES;
				CLANG_ANALYZER_NUMBER_OBJECT_CONVERSION = YES_AGGRESSIVE;
				CLANG_CXX_LANGUAGE_STANDARD = "gnu++20";
				CLANG_ENABLE_MODULES = YES;
				CLANG_ENABLE_OBJC_ARC = YES;
				CLANG_ENABLE_OBJC_WEAK = YES;
				CLANG_WARN_BLOCK_CAPTURE_AUTORELEASING = YES;
				CLANG_WARN_BOOL_CONVERSION = YES;
				CLANG_WARN_COMMA = YES;
				CLANG_WARN_CONSTANT_CONVERSION = YES;
				CLANG_WARN_DEPRECATED_OBJC_IMPLEMENTATIONS = YES;
				CLANG_WARN_DIRECT_OBJC_ISA_USAGE = YES_ERROR;
				CLANG_WARN_DOCUMENTATION_COMMENTS = YES;
				CLANG_WARN_EMPTY_BODY = YES;
				CLANG_WARN_ENUM_CONVERSION = YES;
				CLANG_WARN_INFINITE_RECURSION = YES;
				CLANG_WARN_INT_CONVERSION = YES;
				CLANG_WARN_NON_LITERAL_NULL_CONVERSION = YES;
				CLANG_WARN_OBJC_IMPLICIT_RETAIN_SELF = YES;
				CLANG_WARN_OBJC_LITERAL_CONVERSION = YES;
				CLANG_WARN_OBJC_ROOT_CLASS = YES_ERROR;
				CLANG_WARN_QUOTED_INCLUDE_IN_FRAMEWORK_HEADER = YES;
				CLANG_WARN_RANGE_LOOP_ANALYSIS = YES;
				CLANG_WARN_STRICT_PROTOTYPES = YES;
				CLANG_WARN_SUSPICIOUS_MOVE = YES;
				CLANG_WARN_UNGUARDED_AVAILABILITY = YES_AGGRESSIVE;
				CLANG_WARN_UNREACHABLE_CODE = YES;
				CLANG_WARN__DUPLICATE_METHOD_MATCH = YES;
				COPY_PHASE_STRIP = NO;
				DEBUG_INFORMATION_FORMAT = dwarf;
				ENABLE_STRICT_OBJC_MSGSEND = YES;
				ENABLE_TESTABILITY = YES;
				GCC_C_LANGUAGE_STANDARD = gnu11;
				GCC_DYNAMIC_NO_PIC = NO;
				GCC_NO_COMMON_BLOCKS = YES;
				GCC_OPTIMIZATION_LEVEL = 0;
				GCC_PREPROCESSOR_DEFINITIONS = (
					"DEBUG=1",
					"$(inherited)",
				);
				GCC_WARN_64_TO_32_BIT_CONVERSION = YES;
				GCC_WARN_ABOUT_RETURN_TYPE = YES_ERROR;
				GCC_WARN_UNDECLARED_SELECTOR = YES;
				GCC_WARN_UNINITIALIZED_AUTOS = YES_AGGRESSIVE;
				GCC_WARN_UNUSED_FUNCTION = YES;
				GCC_WARN_UNUSED_VARIABLE = YES;
				IPHONEOS_DEPLOYMENT_TARGET = 16.4;
				MTL_ENABLE_DEBUG_INFO = INCLUDE_SOURCE;
				MTL_FAST_MATH = YES;
				ONLY_ACTIVE_ARCH = YES;
				SDKROOT = iphoneos;
				SWIFT_ACTIVE_COMPILATION_CONDITIONS = DEBUG;
				SWIFT_OPTIMIZATION_LEVEL = "-Onone";
			};
			name = Debug;
		};
		6C3BA6E92A2FCA9C00CB8422 /* Release */ = {
			isa = XCBuildConfiguration;
			buildSettings = {
				ALWAYS_SEARCH_USER_PATHS = NO;
				CLANG_ANALYZER_NONNULL = YES;
				CLANG_ANALYZER_NUMBER_OBJECT_CONVERSION = YES_AGGRESSIVE;
				CLANG_CXX_LANGUAGE_STANDARD = "gnu++20";
				CLANG_ENABLE_MODULES = YES;
				CLANG_ENABLE_OBJC_ARC = YES;
				CLANG_ENABLE_OBJC_WEAK = YES;
				CLANG_WARN_BLOCK_CAPTURE_AUTORELEASING = YES;
				CLANG_WARN_BOOL_CONVERSION = YES;
				CLANG_WARN_COMMA = YES;
				CLANG_WARN_CONSTANT_CONVERSION = YES;
				CLANG_WARN_DEPRECATED_OBJC_IMPLEMENTATIONS = YES;
				CLANG_WARN_DIRECT_OBJC_ISA_USAGE = YES_ERROR;
				CLANG_WARN_DOCUMENTATION_COMMENTS = YES;
				CLANG_WARN_EMPTY_BODY = YES;
				CLANG_WARN_ENUM_CONVERSION = YES;
				CLANG_WARN_INFINITE_RECURSION = YES;
				CLANG_WARN_INT_CONVERSION = YES;
				CLANG_WARN_NON_LITERAL_NULL_CONVERSION = YES;
				CLANG_WARN_OBJC_IMPLICIT_RETAIN_SELF = YES;
				CLANG_WARN_OBJC_LITERAL_CONVERSION = YES;
				CLANG_WARN_OBJC_ROOT_CLASS = YES_ERROR;
				CLANG_WARN_QUOTED_INCLUDE_IN_FRAMEWORK_HEADER = YES;
				CLANG_WARN_RANGE_LOOP_ANALYSIS = YES;
				CLANG_WARN_STRICT_PROTOTYPES = YES;
				CLANG_WARN_SUSPICIOUS_MOVE = YES;
				CLANG_WARN_UNGUARDED_AVAILABILITY = YES_AGGRESSIVE;
				CLANG_WARN_UNREACHABLE_CODE = YES;
				CLANG_WARN__DUPLICATE_METHOD_MATCH = YES;
				COPY_PHASE_STRIP = NO;
				DEBUG_INFORMATION_FORMAT = "dwarf-with-dsym";
				ENABLE_NS_ASSERTIONS = NO;
				ENABLE_STRICT_OBJC_MSGSEND = YES;
				GCC_C_LANGUAGE_STANDARD = gnu11;
				GCC_NO_COMMON_BLOCKS = YES;
				GCC_WARN_64_TO_32_BIT_CONVERSION = YES;
				GCC_WARN_ABOUT_RETURN_TYPE = YES_ERROR;
				GCC_WARN_UNDECLARED_SELECTOR = YES;
				GCC_WARN_UNINITIALIZED_AUTOS = YES_AGGRESSIVE;
				GCC_WARN_UNUSED_FUNCTION = YES;
				GCC_WARN_UNUSED_VARIABLE = YES;
				IPHONEOS_DEPLOYMENT_TARGET = 16.4;
				MTL_ENABLE_DEBUG_INFO = NO;
				MTL_FAST_MATH = YES;
				SDKROOT = iphoneos;
				SWIFT_COMPILATION_MODE = wholemodule;
				SWIFT_OPTIMIZATION_LEVEL = "-O";
				VALIDATE_PRODUCT = YES;
			};
			name = Release;
		};
		6C3BA6EB2A2FCA9C00CB8422 /* Debug */ = {
			isa = XCBuildConfiguration;
			buildSettings = {
				ASSETCATALOG_COMPILER_APPICON_NAME = AppIcon;
				ASSETCATALOG_COMPILER_GLOBAL_ACCENT_COLOR_NAME = AccentColor;
				CODE_SIGN_STYLE = Automatic;
				CURRENT_PROJECT_VERSION = 1;
				DEVELOPMENT_TEAM = 345UR7Z9A7;
				GENERATE_INFOPLIST_FILE = YES;
				INFOPLIST_FILE = CriptoAppMVVM/Info.plist;
				INFOPLIST_KEY_UIApplicationSupportsIndirectInputEvents = YES;
				INFOPLIST_KEY_UILaunchStoryboardName = LaunchScreen;
				INFOPLIST_KEY_UIMainStoryboardFile = Main;
				INFOPLIST_KEY_UISupportedInterfaceOrientations_iPad = "UIInterfaceOrientationPortrait UIInterfaceOrientationPortraitUpsideDown UIInterfaceOrientationLandscapeLeft UIInterfaceOrientationLandscapeRight";
				INFOPLIST_KEY_UISupportedInterfaceOrientations_iPhone = "UIInterfaceOrientationPortrait UIInterfaceOrientationLandscapeLeft UIInterfaceOrientationLandscapeRight";
				LD_RUNPATH_SEARCH_PATHS = (
					"$(inherited)",
					"@executable_path/Frameworks",
				);
				MARKETING_VERSION = 1.0;
				PRODUCT_BUNDLE_IDENTIFIER = com.rotadevsolutions.CriptoAppMVVM;
				PRODUCT_NAME = "$(TARGET_NAME)";
				SWIFT_EMIT_LOC_STRINGS = YES;
				SWIFT_VERSION = 5.0;
				TARGETED_DEVICE_FAMILY = "1,2";
			};
			name = Debug;
		};
		6C3BA6EC2A2FCA9C00CB8422 /* Release */ = {
			isa = XCBuildConfiguration;
			buildSettings = {
				ASSETCATALOG_COMPILER_APPICON_NAME = AppIcon;
				ASSETCATALOG_COMPILER_GLOBAL_ACCENT_COLOR_NAME = AccentColor;
				CODE_SIGN_STYLE = Automatic;
				CURRENT_PROJECT_VERSION = 1;
				DEVELOPMENT_TEAM = 345UR7Z9A7;
				GENERATE_INFOPLIST_FILE = YES;
				INFOPLIST_FILE = CriptoAppMVVM/Info.plist;
				INFOPLIST_KEY_UIApplicationSupportsIndirectInputEvents = YES;
				INFOPLIST_KEY_UILaunchStoryboardName = LaunchScreen;
				INFOPLIST_KEY_UIMainStoryboardFile = Main;
				INFOPLIST_KEY_UISupportedInterfaceOrientations_iPad = "UIInterfaceOrientationPortrait UIInterfaceOrientationPortraitUpsideDown UIInterfaceOrientationLandscapeLeft UIInterfaceOrientationLandscapeRight";
				INFOPLIST_KEY_UISupportedInterfaceOrientations_iPhone = "UIInterfaceOrientationPortrait UIInterfaceOrientationLandscapeLeft UIInterfaceOrientationLandscapeRight";
				LD_RUNPATH_SEARCH_PATHS = (
					"$(inherited)",
					"@executable_path/Frameworks",
				);
				MARKETING_VERSION = 1.0;
				PRODUCT_BUNDLE_IDENTIFIER = com.rotadevsolutions.CriptoAppMVVM;
				PRODUCT_NAME = "$(TARGET_NAME)";
				SWIFT_EMIT_LOC_STRINGS = YES;
				SWIFT_VERSION = 5.0;
				TARGETED_DEVICE_FAMILY = "1,2";
			};
			name = Release;
		};
		6C42E42E2A30E45200AC7E50 /* Debug */ = {
			isa = XCBuildConfiguration;
			buildSettings = {
				BUNDLE_LOADER = "$(TEST_HOST)";
				CODE_SIGN_STYLE = Automatic;
				CURRENT_PROJECT_VERSION = 1;
				DEVELOPMENT_TEAM = 28Z45T22J2;
				GENERATE_INFOPLIST_FILE = YES;
				IPHONEOS_DEPLOYMENT_TARGET = 16.4;
				MACOSX_DEPLOYMENT_TARGET = 13.3;
				MARKETING_VERSION = 1.0;
				PRODUCT_BUNDLE_IDENTIFIER = com.rotadevsolutions.CriptoAppMVVMTests;
				PRODUCT_NAME = "$(TARGET_NAME)";
				SDKROOT = auto;
				SUPPORTED_PLATFORMS = "iphoneos iphonesimulator macosx";
				SWIFT_EMIT_LOC_STRINGS = NO;
				SWIFT_VERSION = 5.0;
				TARGETED_DEVICE_FAMILY = "1,2";
				TEST_HOST = "$(BUILT_PRODUCTS_DIR)/CriptoAppMVVM.app/$(BUNDLE_EXECUTABLE_FOLDER_PATH)/CriptoAppMVVM";
			};
			name = Debug;
		};
		6C42E42F2A30E45200AC7E50 /* Release */ = {
			isa = XCBuildConfiguration;
			buildSettings = {
				BUNDLE_LOADER = "$(TEST_HOST)";
				CODE_SIGN_STYLE = Automatic;
				CURRENT_PROJECT_VERSION = 1;
				DEVELOPMENT_TEAM = 28Z45T22J2;
				GENERATE_INFOPLIST_FILE = YES;
				IPHONEOS_DEPLOYMENT_TARGET = 16.4;
				MACOSX_DEPLOYMENT_TARGET = 13.3;
				MARKETING_VERSION = 1.0;
				PRODUCT_BUNDLE_IDENTIFIER = com.rotadevsolutions.CriptoAppMVVMTests;
				PRODUCT_NAME = "$(TARGET_NAME)";
				SDKROOT = auto;
				SUPPORTED_PLATFORMS = "iphoneos iphonesimulator macosx";
				SWIFT_EMIT_LOC_STRINGS = NO;
				SWIFT_VERSION = 5.0;
				TARGETED_DEVICE_FAMILY = "1,2";
				TEST_HOST = "$(BUILT_PRODUCTS_DIR)/CriptoAppMVVM.app/$(BUNDLE_EXECUTABLE_FOLDER_PATH)/CriptoAppMVVM";
			};
			name = Release;
		};
/* End XCBuildConfiguration section */

/* Begin XCConfigurationList section */
		6C3BA6D12A2FCA9B00CB8422 /* Build configuration list for PBXProject "CriptoAppMVVM" */ = {
			isa = XCConfigurationList;
			buildConfigurations = (
				6C3BA6E82A2FCA9C00CB8422 /* Debug */,
				6C3BA6E92A2FCA9C00CB8422 /* Release */,
			);
			defaultConfigurationIsVisible = 0;
			defaultConfigurationName = Release;
		};
		6C3BA6EA2A2FCA9C00CB8422 /* Build configuration list for PBXNativeTarget "CriptoAppMVVM" */ = {
			isa = XCConfigurationList;
			buildConfigurations = (
				6C3BA6EB2A2FCA9C00CB8422 /* Debug */,
				6C3BA6EC2A2FCA9C00CB8422 /* Release */,
			);
			defaultConfigurationIsVisible = 0;
			defaultConfigurationName = Release;
		};
		6C42E42D2A30E45200AC7E50 /* Build configuration list for PBXNativeTarget "CriptoAppMVVMTests" */ = {
			isa = XCConfigurationList;
			buildConfigurations = (
				6C42E42E2A30E45200AC7E50 /* Debug */,
				6C42E42F2A30E45200AC7E50 /* Release */,
			);
			defaultConfigurationIsVisible = 0;
			defaultConfigurationName = Release;
		};
/* End XCConfigurationList section */

/* Begin XCRemoteSwiftPackageReference section */
		6C42E41E2A30C9F900AC7E50 /* XCRemoteSwiftPackageReference "realm-swift" */ = {
			isa = XCRemoteSwiftPackageReference;
			repositoryURL = "https://github.com/realm/realm-swift.git";
			requirement = {
				branch = master;
				kind = branch;
			};
		};
/* End XCRemoteSwiftPackageReference section */

/* Begin XCSwiftPackageProductDependency section */
		6C42E41F2A30C9F900AC7E50 /* RealmSwift */ = {
			isa = XCSwiftPackageProductDependency;
			package = 6C42E41E2A30C9F900AC7E50 /* XCRemoteSwiftPackageReference "realm-swift" */;
			productName = RealmSwift;
		};
		6C42E4322A30E86000AC7E50 /* RealmSwift */ = {
			isa = XCSwiftPackageProductDependency;
			package = 6C42E41E2A30C9F900AC7E50 /* XCRemoteSwiftPackageReference "realm-swift" */;
			productName = RealmSwift;
		};
		6C42E4342A30E86800AC7E50 /* RealmSwift */ = {
			isa = XCSwiftPackageProductDependency;
			package = 6C42E41E2A30C9F900AC7E50 /* XCRemoteSwiftPackageReference "realm-swift" */;
			productName = RealmSwift;
		};
		6C42E4362A30E89000AC7E50 /* Realm */ = {
			isa = XCSwiftPackageProductDependency;
			package = 6C42E41E2A30C9F900AC7E50 /* XCRemoteSwiftPackageReference "realm-swift" */;
			productName = Realm;
		};
		6C42E4392A30E8E400AC7E50 /* RealmSwift */ = {
			isa = XCSwiftPackageProductDependency;
			package = 6C42E41E2A30C9F900AC7E50 /* XCRemoteSwiftPackageReference "realm-swift" */;
			productName = RealmSwift;
		};
		6C42E43B2A30E8E800AC7E50 /* Realm */ = {
			isa = XCSwiftPackageProductDependency;
			package = 6C42E41E2A30C9F900AC7E50 /* XCRemoteSwiftPackageReference "realm-swift" */;
			productName = Realm;
		};
/* End XCSwiftPackageProductDependency section */
	};
	rootObject = 6C3BA6CE2A2FCA9B00CB8422 /* Project object */;
}
